// !$*UTF8*$!
{
	archiveVersion = 1;
	classes = {
	};
	objectVersion = 50;
	objects = {

/* Begin PBXBuildFile section */
		CEC3727822AA2C4F002F101A /* AppDelegate.swift in Sources */ = {isa = PBXBuildFile; fileRef = CEC3727722AA2C4F002F101A /* AppDelegate.swift */; };
		CEC3727A22AA2C4F002F101A /* ViewController.swift in Sources */ = {isa = PBXBuildFile; fileRef = CEC3727922AA2C4F002F101A /* ViewController.swift */; };
		CEC3727D22AA2C4F002F101A /* Main.storyboard in Resources */ = {isa = PBXBuildFile; fileRef = CEC3727B22AA2C4F002F101A /* Main.storyboard */; };
		CEC3728022AA2C4F002F101A /* News.xcdatamodeld in Sources */ = {isa = PBXBuildFile; fileRef = CEC3727E22AA2C4F002F101A /* News.xcdatamodeld */; };
		CEC3728222AA2C50002F101A /* Assets.xcassets in Resources */ = {isa = PBXBuildFile; fileRef = CEC3728122AA2C50002F101A /* Assets.xcassets */; };
		CEC3728522AA2C50002F101A /* LaunchScreen.storyboard in Resources */ = {isa = PBXBuildFile; fileRef = CEC3728322AA2C50002F101A /* LaunchScreen.storyboard */; };
		CEC3729022AA2C50002F101A /* NewsTests.swift in Sources */ = {isa = PBXBuildFile; fileRef = CEC3728F22AA2C50002F101A /* NewsTests.swift */; };
		CEC3729B22AA2C50002F101A /* NewsUITests.swift in Sources */ = {isa = PBXBuildFile; fileRef = CEC3729A22AA2C50002F101A /* NewsUITests.swift */; };
/* End PBXBuildFile section */

/* Begin PBXContainerItemProxy section */
		CEC3728C22AA2C50002F101A /* PBXContainerItemProxy */ = {
			isa = PBXContainerItemProxy;
			containerPortal = CEC3726C22AA2C4F002F101A /* Project object */;
			proxyType = 1;
			remoteGlobalIDString = CEC3727322AA2C4F002F101A;
			remoteInfo = News;
		};
		CEC3729722AA2C50002F101A /* PBXContainerItemProxy */ = {
			isa = PBXContainerItemProxy;
			containerPortal = CEC3726C22AA2C4F002F101A /* Project object */;
			proxyType = 1;
			remoteGlobalIDString = CEC3727322AA2C4F002F101A;
			remoteInfo = News;
		};
/* End PBXContainerItemProxy section */

/* Begin PBXFileReference section */
		CEC3727422AA2C4F002F101A /* News.app */ = {isa = PBXFileReference; explicitFileType = wrapper.application; includeInIndex = 0; path = News.app; sourceTree = BUILT_PRODUCTS_DIR; };
		CEC3727722AA2C4F002F101A /* AppDelegate.swift */ = {isa = PBXFileReference; lastKnownFileType = sourcecode.swift; path = AppDelegate.swift; sourceTree = "<group>"; };
		CEC3727922AA2C4F002F101A /* ViewController.swift */ = {isa = PBXFileReference; lastKnownFileType = sourcecode.swift; path = ViewController.swift; sourceTree = "<group>"; };
		CEC3727C22AA2C4F002F101A /* Base */ = {isa = PBXFileReference; lastKnownFileType = file.storyboard; name = Base; path = Base.lproj/Main.storyboard; sourceTree = "<group>"; };
		CEC3727F22AA2C4F002F101A /* News.xcdatamodel */ = {isa = PBXFileReference; lastKnownFileType = wrapper.xcdatamodel; path = News.xcdatamodel; sourceTree = "<group>"; };
		CEC3728122AA2C50002F101A /* Assets.xcassets */ = {isa = PBXFileReference; lastKnownFileType = folder.assetcatalog; path = Assets.xcassets; sourceTree = "<group>"; };
		CEC3728422AA2C50002F101A /* Base */ = {isa = PBXFileReference; lastKnownFileType = file.storyboard; name = Base; path = Base.lproj/LaunchScreen.storyboard; sourceTree = "<group>"; };
		CEC3728622AA2C50002F101A /* Info.plist */ = {isa = PBXFileReference; lastKnownFileType = text.plist.xml; path = Info.plist; sourceTree = "<group>"; };
		CEC3728B22AA2C50002F101A /* NewsTests.xctest */ = {isa = PBXFileReference; explicitFileType = wrapper.cfbundle; includeInIndex = 0; path = NewsTests.xctest; sourceTree = BUILT_PRODUCTS_DIR; };
		CEC3728F22AA2C50002F101A /* NewsTests.swift */ = {isa = PBXFileReference; lastKnownFileType = sourcecode.swift; path = NewsTests.swift; sourceTree = "<group>"; };
		CEC3729122AA2C50002F101A /* Info.plist */ = {isa = PBXFileReference; lastKnownFileType = text.plist.xml; path = Info.plist; sourceTree = "<group>"; };
		CEC3729622AA2C50002F101A /* NewsUITests.xctest */ = {isa = PBXFileReference; explicitFileType = wrapper.cfbundle; includeInIndex = 0; path = NewsUITests.xctest; sourceTree = BUILT_PRODUCTS_DIR; };
		CEC3729A22AA2C50002F101A /* NewsUITests.swift */ = {isa = PBXFileReference; lastKnownFileType = sourcecode.swift; path = NewsUITests.swift; sourceTree = "<group>"; };
		CEC3729C22AA2C50002F101A /* Info.plist */ = {isa = PBXFileReference; lastKnownFileType = text.plist.xml; path = Info.plist; sourceTree = "<group>"; };
/* End PBXFileReference section */

/* Begin PBXFrameworksBuildPhase section */
		CEC3727122AA2C4F002F101A /* Frameworks */ = {
			isa = PBXFrameworksBuildPhase;
			buildActionMask = 2147483647;
			files = (
			);
			runOnlyForDeploymentPostprocessing = 0;
		};
		CEC3728822AA2C50002F101A /* Frameworks */ = {
			isa = PBXFrameworksBuildPhase;
			buildActionMask = 2147483647;
			files = (
			);
			runOnlyForDeploymentPostprocessing = 0;
		};
		CEC3729322AA2C50002F101A /* Frameworks */ = {
			isa = PBXFrameworksBuildPhase;
			buildActionMask = 2147483647;
			files = (
			);
			runOnlyForDeploymentPostprocessing = 0;
		};
/* End PBXFrameworksBuildPhase section */

/* Begin PBXGroup section */
		CEC3726B22AA2C4F002F101A = {
			isa = PBXGroup;
			children = (
				CEC3727622AA2C4F002F101A /* News */,
				CEC3728E22AA2C50002F101A /* NewsTests */,
				CEC3729922AA2C50002F101A /* NewsUITests */,
				CEC3727522AA2C4F002F101A /* Products */,
			);
			sourceTree = "<group>";
		};
		CEC3727522AA2C4F002F101A /* Products */ = {
			isa = PBXGroup;
			children = (
				CEC3727422AA2C4F002F101A /* News.app */,
				CEC3728B22AA2C50002F101A /* NewsTests.xctest */,
				CEC3729622AA2C50002F101A /* NewsUITests.xctest */,
			);
			name = Products;
			sourceTree = "<group>";
		};
		CEC3727622AA2C4F002F101A /* News */ = {
			isa = PBXGroup;
			children = (
				CEC3727722AA2C4F002F101A /* AppDelegate.swift */,
				CEC3727922AA2C4F002F101A /* ViewController.swift */,
				CEC3727B22AA2C4F002F101A /* Main.storyboard */,
				CEC3728122AA2C50002F101A /* Assets.xcassets */,
				CEC3728322AA2C50002F101A /* LaunchScreen.storyboard */,
				CEC3728622AA2C50002F101A /* Info.plist */,
				CEC3727E22AA2C4F002F101A /* News.xcdatamodeld */,
			);
			path = News;
			sourceTree = "<group>";
		};
		CEC3728E22AA2C50002F101A /* NewsTests */ = {
			isa = PBXGroup;
			children = (
				CEC3728F22AA2C50002F101A /* NewsTests.swift */,
				CEC3729122AA2C50002F101A /* Info.plist */,
			);
			path = NewsTests;
			sourceTree = "<group>";
		};
		CEC3729922AA2C50002F101A /* NewsUITests */ = {
			isa = PBXGroup;
			children = (
				CEC3729A22AA2C50002F101A /* NewsUITests.swift */,
				CEC3729C22AA2C50002F101A /* Info.plist */,
			);
			path = NewsUITests;
			sourceTree = "<group>";
		};
/* End PBXGroup section */

/* Begin PBXNativeTarget section */
		CEC3727322AA2C4F002F101A /* News */ = {
			isa = PBXNativeTarget;
			buildConfigurationList = CEC3729F22AA2C50002F101A /* Build configuration list for PBXNativeTarget "News" */;
			buildPhases = (
				CEC3727022AA2C4F002F101A /* Sources */,
				CEC3727122AA2C4F002F101A /* Frameworks */,
				CEC3727222AA2C4F002F101A /* Resources */,
			);
			buildRules = (
			);
			dependencies = (
			);
			name = News;
			productName = News;
			productReference = CEC3727422AA2C4F002F101A /* News.app */;
			productType = "com.apple.product-type.application";
		};
		CEC3728A22AA2C50002F101A /* NewsTests */ = {
			isa = PBXNativeTarget;
			buildConfigurationList = CEC372A222AA2C50002F101A /* Build configuration list for PBXNativeTarget "NewsTests" */;
			buildPhases = (
				CEC3728722AA2C50002F101A /* Sources */,
				CEC3728822AA2C50002F101A /* Frameworks */,
				CEC3728922AA2C50002F101A /* Resources */,
			);
			buildRules = (
			);
			dependencies = (
				CEC3728D22AA2C50002F101A /* PBXTargetDependency */,
			);
			name = NewsTests;
			productName = NewsTests;
			productReference = CEC3728B22AA2C50002F101A /* NewsTests.xctest */;
			productType = "com.apple.product-type.bundle.unit-test";
		};
		CEC3729522AA2C50002F101A /* NewsUITests */ = {
			isa = PBXNativeTarget;
			buildConfigurationList = CEC372A522AA2C50002F101A /* Build configuration list for PBXNativeTarget "NewsUITests" */;
			buildPhases = (
				CEC3729222AA2C50002F101A /* Sources */,
				CEC3729322AA2C50002F101A /* Frameworks */,
				CEC3729422AA2C50002F101A /* Resources */,
			);
			buildRules = (
			);
			dependencies = (
				CEC3729822AA2C50002F101A /* PBXTargetDependency */,
			);
			name = NewsUITests;
			productName = NewsUITests;
			productReference = CEC3729622AA2C50002F101A /* NewsUITests.xctest */;
			productType = "com.apple.product-type.bundle.ui-testing";
		};
/* End PBXNativeTarget section */

/* Begin PBXProject section */
		CEC3726C22AA2C4F002F101A /* Project object */ = {
			isa = PBXProject;
			attributes = {
				LastSwiftUpdateCheck = 1020;
				LastUpgradeCheck = 1020;
				ORGANIZATIONNAME = "Glenn Karlo Manguiat";
				TargetAttributes = {
					CEC3727322AA2C4F002F101A = {
						CreatedOnToolsVersion = 10.2.1;
					};
					CEC3728A22AA2C50002F101A = {
						CreatedOnToolsVersion = 10.2.1;
						TestTargetID = CEC3727322AA2C4F002F101A;
					};
					CEC3729522AA2C50002F101A = {
						CreatedOnToolsVersion = 10.2.1;
						TestTargetID = CEC3727322AA2C4F002F101A;
					};
				};
			};
			buildConfigurationList = CEC3726F22AA2C4F002F101A /* Build configuration list for PBXProject "News" */;
			compatibilityVersion = "Xcode 9.3";
			developmentRegion = en;
			hasScannedForEncodings = 0;
			knownRegions = (
				en,
				Base,
			);
			mainGroup = CEC3726B22AA2C4F002F101A;
			productRefGroup = CEC3727522AA2C4F002F101A /* Products */;
			projectDirPath = "";
			projectRoot = "";
			targets = (
				CEC3727322AA2C4F002F101A /* News */,
				CEC3728A22AA2C50002F101A /* NewsTests */,
				CEC3729522AA2C50002F101A /* NewsUITests */,
			);
		};
/* End PBXProject section */

/* Begin PBXResourcesBuildPhase section */
		CEC3727222AA2C4F002F101A /* Resources */ = {
			isa = PBXResourcesBuildPhase;
			buildActionMask = 2147483647;
			files = (
				CEC3728522AA2C50002F101A /* LaunchScreen.storyboard in Resources */,
				CEC3728222AA2C50002F101A /* Assets.xcassets in Resources */,
				CEC3727D22AA2C4F002F101A /* Main.storyboard in Resources */,
			);
			runOnlyForDeploymentPostprocessing = 0;
		};
		CEC3728922AA2C50002F101A /* Resources */ = {
			isa = PBXResourcesBuildPhase;
			buildActionMask = 2147483647;
			files = (
			);
			runOnlyForDeploymentPostprocessing = 0;
		};
		CEC3729422AA2C50002F101A /* Resources */ = {
			isa = PBXResourcesBuildPhase;
			buildActionMask = 2147483647;
			files = (
			);
			runOnlyForDeploymentPostprocessing = 0;
		};
/* End PBXResourcesBuildPhase section */

/* Begin PBXSourcesBuildPhase section */
		CEC3727022AA2C4F002F101A /* Sources */ = {
			isa = PBXSourcesBuildPhase;
			buildActionMask = 2147483647;
			files = (
				CEC3727A22AA2C4F002F101A /* ViewController.swift in Sources */,
				CEC3728022AA2C4F002F101A /* News.xcdatamodeld in Sources */,
				CEC3727822AA2C4F002F101A /* AppDelegate.swift in Sources */,
			);
			runOnlyForDeploymentPostprocessing = 0;
		};
		CEC3728722AA2C50002F101A /* Sources */ = {
			isa = PBXSourcesBuildPhase;
			buildActionMask = 2147483647;
			files = (
				CEC3729022AA2C50002F101A /* NewsTests.swift in Sources */,
			);
			runOnlyForDeploymentPostprocessing = 0;
		};
		CEC3729222AA2C50002F101A /* Sources */ = {
			isa = PBXSourcesBuildPhase;
			buildActionMask = 2147483647;
			files = (
				CEC3729B22AA2C50002F101A /* NewsUITests.swift in Sources */,
			);
			runOnlyForDeploymentPostprocessing = 0;
		};
/* End PBXSourcesBuildPhase section */

/* Begin PBXTargetDependency section */
		CEC3728D22AA2C50002F101A /* PBXTargetDependency */ = {
			isa = PBXTargetDependency;
			target = CEC3727322AA2C4F002F101A /* News */;
			targetProxy = CEC3728C22AA2C50002F101A /* PBXContainerItemProxy */;
		};
		CEC3729822AA2C50002F101A /* PBXTargetDependency */ = {
			isa = PBXTargetDependency;
			target = CEC3727322AA2C4F002F101A /* News */;
			targetProxy = CEC3729722AA2C50002F101A /* PBXContainerItemProxy */;
		};
/* End PBXTargetDependency section */

/* Begin PBXVariantGroup section */
		CEC3727B22AA2C4F002F101A /* Main.storyboard */ = {
			isa = PBXVariantGroup;
			children = (
				CEC3727C22AA2C4F002F101A /* Base */,
			);
			name = Main.storyboard;
			sourceTree = "<group>";
		};
		CEC3728322AA2C50002F101A /* LaunchScreen.storyboard */ = {
			isa = PBXVariantGroup;
			children = (
				CEC3728422AA2C50002F101A /* Base */,
			);
			name = LaunchScreen.storyboard;
			sourceTree = "<group>";
		};
/* End PBXVariantGroup section */

/* Begin XCBuildConfiguration section */
		CEC3729D22AA2C50002F101A /* Debug */ = {
			isa = XCBuildConfiguration;
			buildSettings = {
				ALWAYS_SEARCH_USER_PATHS = NO;
				CLANG_ANALYZER_NONNULL = YES;
				CLANG_ANALYZER_NUMBER_OBJECT_CONVERSION = YES_AGGRESSIVE;
				CLANG_CXX_LANGUAGE_STANDARD = "gnu++14";
				CLANG_CXX_LIBRARY = "libc++";
				CLANG_ENABLE_MODULES = YES;
				CLANG_ENABLE_OBJC_ARC = YES;
				CLANG_ENABLE_OBJC_WEAK = YES;
				CLANG_WARN_BLOCK_CAPTURE_AUTORELEASING = YES;
				CLANG_WARN_BOOL_CONVERSION = YES;
				CLANG_WARN_COMMA = YES;
				CLANG_WARN_CONSTANT_CONVERSION = YES;
				CLANG_WARN_DEPRECATED_OBJC_IMPLEMENTATIONS = YES;
				CLANG_WARN_DIRECT_OBJC_ISA_USAGE = YES_ERROR;
				CLANG_WARN_DOCUMENTATION_COMMENTS = YES;
				CLANG_WARN_EMPTY_BODY = YES;
				CLANG_WARN_ENUM_CONVERSION = YES;
				CLANG_WARN_INFINITE_RECURSION = YES;
				CLANG_WARN_INT_CONVERSION = YES;
				CLANG_WARN_NON_LITERAL_NULL_CONVERSION = YES;
				CLANG_WARN_OBJC_IMPLICIT_RETAIN_SELF = YES;
				CLANG_WARN_OBJC_LITERAL_CONVERSION = YES;
				CLANG_WARN_OBJC_ROOT_CLASS = YES_ERROR;
				CLANG_WARN_RANGE_LOOP_ANALYSIS = YES;
				CLANG_WARN_STRICT_PROTOTYPES = YES;
				CLANG_WARN_SUSPICIOUS_MOVE = YES;
				CLANG_WARN_UNGUARDED_AVAILABILITY = YES_AGGRESSIVE;
				CLANG_WARN_UNREACHABLE_CODE = YES;
				CLANG_WARN__DUPLICATE_METHOD_MATCH = YES;
				CODE_SIGN_IDENTITY = "iPhone Developer";
				COPY_PHASE_STRIP = NO;
				DEBUG_INFORMATION_FORMAT = dwarf;
				ENABLE_STRICT_OBJC_MSGSEND = YES;
				ENABLE_TESTABILITY = YES;
				GCC_C_LANGUAGE_STANDARD = gnu11;
				GCC_DYNAMIC_NO_PIC = NO;
				GCC_NO_COMMON_BLOCKS = YES;
				GCC_OPTIMIZATION_LEVEL = 0;
				GCC_PREPROCESSOR_DEFINITIONS = (
					"DEBUG=1",
					"$(inherited)",
				);
				GCC_WARN_64_TO_32_BIT_CONVERSION = YES;
				GCC_WARN_ABOUT_RETURN_TYPE = YES_ERROR;
				GCC_WARN_UNDECLARED_SELECTOR = YES;
				GCC_WARN_UNINITIALIZED_AUTOS = YES_AGGRESSIVE;
				GCC_WARN_UNUSED_FUNCTION = YES;
				GCC_WARN_UNUSED_VARIABLE = YES;
				IPHONEOS_DEPLOYMENT_TARGET = 12.2;
				MTL_ENABLE_DEBUG_INFO = INCLUDE_SOURCE;
				MTL_FAST_MATH = YES;
				ONLY_ACTIVE_ARCH = YES;
				SDKROOT = iphoneos;
				SWIFT_ACTIVE_COMPILATION_CONDITIONS = DEBUG;
				SWIFT_OPTIMIZATION_LEVEL = "-Onone";
			};
			name = Debug;
		};
		CEC3729E22AA2C50002F101A /* Release */ = {
			isa = XCBuildConfiguration;
			buildSettings = {
				ALWAYS_SEARCH_USER_PATHS = NO;
				CLANG_ANALYZER_NONNULL = YES;
				CLANG_ANALYZER_NUMBER_OBJECT_CONVERSION = YES_AGGRESSIVE;
				CLANG_CXX_LANGUAGE_STANDARD = "gnu++14";
				CLANG_CXX_LIBRARY = "libc++";
				CLANG_ENABLE_MODULES = YES;
				CLANG_ENABLE_OBJC_ARC = YES;
				CLANG_ENABLE_OBJC_WEAK = YES;
				CLANG_WARN_BLOCK_CAPTURE_AUTORELEASING = YES;
				CLANG_WARN_BOOL_CONVERSION = YES;
				CLANG_WARN_COMMA = YES;
				CLANG_WARN_CONSTANT_CONVERSION = YES;
				CLANG_WARN_DEPRECATED_OBJC_IMPLEMENTATIONS = YES;
				CLANG_WARN_DIRECT_OBJC_ISA_USAGE = YES_ERROR;
				CLANG_WARN_DOCUMENTATION_COMMENTS = YES;
				CLANG_WARN_EMPTY_BODY = YES;
				CLANG_WARN_ENUM_CONVERSION = YES;
				CLANG_WARN_INFINITE_RECURSION = YES;
				CLANG_WARN_INT_CONVERSION = YES;
				CLANG_WARN_NON_LITERAL_NULL_CONVERSION = YES;
				CLANG_WARN_OBJC_IMPLICIT_RETAIN_SELF = YES;
				CLANG_WARN_OBJC_LITERAL_CONVERSION = YES;
				CLANG_WARN_OBJC_ROOT_CLASS = YES_ERROR;
				CLANG_WARN_RANGE_LOOP_ANALYSIS = YES;
				CLANG_WARN_STRICT_PROTOTYPES = YES;
				CLANG_WARN_SUSPICIOUS_MOVE = YES;
				CLANG_WARN_UNGUARDED_AVAILABILITY = YES_AGGRESSIVE;
				CLANG_WARN_UNREACHABLE_CODE = YES;
				CLANG_WARN__DUPLICATE_METHOD_MATCH = YES;
				CODE_SIGN_IDENTITY = "iPhone Developer";
				COPY_PHASE_STRIP = NO;
				DEBUG_INFORMATION_FORMAT = "dwarf-with-dsym";
				ENABLE_NS_ASSERTIONS = NO;
				ENABLE_STRICT_OBJC_MSGSEND = YES;
				GCC_C_LANGUAGE_STANDARD = gnu11;
				GCC_NO_COMMON_BLOCKS = YES;
				GCC_WARN_64_TO_32_BIT_CONVERSION = YES;
				GCC_WARN_ABOUT_RETURN_TYPE = YES_ERROR;
				GCC_WARN_UNDECLARED_SELECTOR = YES;
				GCC_WARN_UNINITIALIZED_AUTOS = YES_AGGRESSIVE;
				GCC_WARN_UNUSED_FUNCTION = YES;
				GCC_WARN_UNUSED_VARIABLE = YES;
				IPHONEOS_DEPLOYMENT_TARGET = 12.2;
				MTL_ENABLE_DEBUG_INFO = NO;
				MTL_FAST_MATH = YES;
				SDKROOT = iphoneos;
				SWIFT_COMPILATION_MODE = wholemodule;
				SWIFT_OPTIMIZATION_LEVEL = "-O";
				VALIDATE_PRODUCT = YES;
			};
			name = Release;
		};
		CEC372A022AA2C50002F101A /* Debug */ = {
			isa = XCBuildConfiguration;
			buildSettings = {
				ASSETCATALOG_COMPILER_APPICON_NAME = AppIcon;
				CODE_SIGN_STYLE = Automatic;
				INFOPLIST_FILE = News/Info.plist;
				LD_RUNPATH_SEARCH_PATHS = (
					"$(inherited)",
					"@executable_path/Frameworks",
				);
				PRODUCT_BUNDLE_IDENTIFIER = thekarlomanguiat.News;
				PRODUCT_NAME = "$(TARGET_NAME)";
				SWIFT_VERSION = 5.0;
				TARGETED_DEVICE_FAMILY = "1,2";
			};
			name = Debug;
		};
		CEC372A122AA2C50002F101A /* Release */ = {
			isa = XCBuildConfiguration;
			buildSettings = {
				ASSETCATALOG_COMPILER_APPICON_NAME = AppIcon;
				CODE_SIGN_STYLE = Automatic;
				INFOPLIST_FILE = News/Info.plist;
				LD_RUNPATH_SEARCH_PATHS = (
					"$(inherited)",
					"@executable_path/Frameworks",
				);
				PRODUCT_BUNDLE_IDENTIFIER = thekarlomanguiat.News;
				PRODUCT_NAME = "$(TARGET_NAME)";
				SWIFT_VERSION = 5.0;
				TARGETED_DEVICE_FAMILY = "1,2";
			};
			name = Release;
		};
		CEC372A322AA2C50002F101A /* Debug */ = {
			isa = XCBuildConfiguration;
			buildSettings = {
				ALWAYS_EMBED_SWIFT_STANDARD_LIBRARIES = YES;
				BUNDLE_LOADER = "$(TEST_HOST)";
				CODE_SIGN_STYLE = Automatic;
				INFOPLIST_FILE = NewsTests/Info.plist;
				LD_RUNPATH_SEARCH_PATHS = (
					"$(inherited)",
					"@executable_path/Frameworks",
					"@loader_path/Frameworks",
				);
				PRODUCT_BUNDLE_IDENTIFIER = thekarlomanguiat.NewsTests;
				PRODUCT_NAME = "$(TARGET_NAME)";
				SWIFT_VERSION = 5.0;
				TARGETED_DEVICE_FAMILY = "1,2";
				TEST_HOST = "$(BUILT_PRODUCTS_DIR)/News.app/News";
			};
			name = Debug;
		};
		CEC372A422AA2C50002F101A /* Release */ = {
			isa = XCBuildConfiguration;
			buildSettings = {
				ALWAYS_EMBED_SWIFT_STANDARD_LIBRARIES = YES;
				BUNDLE_LOADER = "$(TEST_HOST)";
				CODE_SIGN_STYLE = Automatic;
				INFOPLIST_FILE = NewsTests/Info.plist;
				LD_RUNPATH_SEARCH_PATHS = (
					"$(inherited)",
					"@executable_path/Frameworks",
					"@loader_path/Frameworks",
				);
				PRODUCT_BUNDLE_IDENTIFIER = thekarlomanguiat.NewsTests;
				PRODUCT_NAME = "$(TARGET_NAME)";
				SWIFT_VERSION = 5.0;
				TARGETED_DEVICE_FAMILY = "1,2";
				TEST_HOST = "$(BUILT_PRODUCTS_DIR)/News.app/News";
			};
			name = Release;
		};
		CEC372A622AA2C50002F101A /* Debug */ = {
			isa = XCBuildConfiguration;
			buildSettings = {
				ALWAYS_EMBED_SWIFT_STANDARD_LIBRARIES = YES;
				CODE_SIGN_STYLE = Automatic;
				INFOPLIST_FILE = NewsUITests/Info.plist;
				LD_RUNPATH_SEARCH_PATHS = (
					"$(inherited)",
					"@executable_path/Frameworks",
					"@loader_path/Frameworks",
				);
				PRODUCT_BUNDLE_IDENTIFIER = thekarlomanguiat.NewsUITests;
				PRODUCT_NAME = "$(TARGET_NAME)";
				SWIFT_VERSION = 5.0;
				TARGETED_DEVICE_FAMILY = "1,2";
				TEST_TARGET_NAME = News;
			};
			name = Debug;
		};
		CEC372A722AA2C50002F101A /* Release */ = {
			isa = XCBuildConfiguration;
			buildSettings = {
				ALWAYS_EMBED_SWIFT_STANDARD_LIBRARIES = YES;
				CODE_SIGN_STYLE = Automatic;
				INFOPLIST_FILE = NewsUITests/Info.plist;
				LD_RUNPATH_SEARCH_PATHS = (
					"$(inherited)",
					"@executable_path/Frameworks",
					"@loader_path/Frameworks",
				);
				PRODUCT_BUNDLE_IDENTIFIER = thekarlomanguiat.NewsUITests;
				PRODUCT_NAME = "$(TARGET_NAME)";
				SWIFT_VERSION = 5.0;
				TARGETED_DEVICE_FAMILY = "1,2";
				TEST_TARGET_NAME = News;
			};
			name = Release;
		};
/* End XCBuildConfiguration section */

/* Begin XCConfigurationList section */
		CEC3726F22AA2C4F002F101A /* Build configuration list for PBXProject "News" */ = {
			isa = XCConfigurationList;
			buildConfigurations = (
				CEC3729D22AA2C50002F101A /* Debug */,
				CEC3729E22AA2C50002F101A /* Release */,
			);
			defaultConfigurationIsVisible = 0;
			defaultConfigurationName = Release;
		};
		CEC3729F22AA2C50002F101A /* Build configuration list for PBXNativeTarget "News" */ = {
			isa = XCConfigurationList;
			buildConfigurations = (
				CEC372A022AA2C50002F101A /* Debug */,
				CEC372A122AA2C50002F101A /* Release */,
			);
			defaultConfigurationIsVisible = 0;
			defaultConfigurationName = Release;
		};
		CEC372A222AA2C50002F101A /* Build configuration list for PBXNativeTarget "NewsTests" */ = {
			isa = XCConfigurationList;
			buildConfigurations = (
				CEC372A322AA2C50002F101A /* Debug */,
				CEC372A422AA2C50002F101A /* Release */,
			);
			defaultConfigurationIsVisible = 0;
			defaultConfigurationName = Release;
		};
		CEC372A522AA2C50002F101A /* Build configuration list for PBXNativeTarget "NewsUITests" */ = {
			isa = XCConfigurationList;
			buildConfigurations = (
				CEC372A622AA2C50002F101A /* Debug */,
				CEC372A722AA2C50002F101A /* Release */,
			);
			defaultConfigurationIsVisible = 0;
			defaultConfigurationName = Release;
		};
/* End XCConfigurationList section */

/* Begin XCVersionGroup section */
		CEC3727E22AA2C4F002F101A /* News.xcdatamodeld */ = {
			isa = XCVersionGroup;
			children = (
				CEC3727F22AA2C4F002F101A /* News.xcdatamodel */,
			);
			currentVersion = CEC3727F22AA2C4F002F101A /* News.xcdatamodel */;
			path = News.xcdatamodeld;
			sourceTree = "<group>";
			versionGroupType = wrapper.xcdatamodel;
		};
/* End XCVersionGroup section */
	};
	rootObject = CEC3726C22AA2C4F002F101A /* Project object */;
}
